
Microsoft Visual Studio Solution File, Format Version 12.00
# Visual Studio Version 16
VisualStudioVersion = 16.0.29001.49
MinimumVisualStudioVersion = 10.0.40219.1
Project("{FAE04EC0-301F-11D3-BF4B-00C04F79EFBC}") = "RusKurs", "RusKurs\RusKurs.csproj", "{5BD470E0-8E1D-49AC-87A9-89CD3E05AD91}"
EndProject
Global
	GlobalSection(SolutionConfigurationPlatforms) = preSolution
		Debug|Any CPU = Debug|Any CPU
		Release|Any CPU = Release|Any CPU
	EndGlobalSection
	GlobalSection(ProjectConfigurationPlatforms) = postSolution
		{5BD470E0-8E1D-49AC-87A9-89CD3E05AD91}.Debug|Any CPU.ActiveCfg = Debug|Any CPU
		{5BD470E0-8E1D-49AC-87A9-89CD3E05AD91}.Debug|Any CPU.Build.0 = Debug|Any CPU
		{5BD470E0-8E1D-49AC-87A9-89CD3E05AD91}.Release|Any CPU.ActiveCfg = Release|Any CPU
		{5BD470E0-8E1D-49AC-87A9-89CD3E05AD91}.Release|Any CPU.Build.0 = Release|Any CPU
	EndGlobalSection
	GlobalSection(SolutionProperties) = preSolution
		HideSolutionNode = FALSE
	EndGlobalSection
	GlobalSection(ExtensibilityGlobals) = postSolution
		SolutionGuid = {C6985401-DAD3-4B6F-B212-9B9324FE0A2B}
	EndGlobalSection
EndGlobal
